# THIS IS AN AUTOGENERATED FILE. DO NOT EDIT THIS FILE DIRECTLY.
# yarn lockfile v1


"@react-navigation/core@^6.4.0":
  version "6.4.0"
  resolved "https://registry.yarnpkg.com/@react-navigation/core/-/core-6.4.0.tgz#c44d33a8d8ef010a102c7f831fc8add772678509"
  integrity sha512-tpc0Ak/DiHfU3LlYaRmIY7vI4sM/Ru0xCet6runLUh9aABf4wiLgxyFJ5BtoWq6xFF8ymYEA/KWtDhetQ24YiA==
  dependencies:
    "@react-navigation/routers" "^6.1.3"
    escape-string-regexp "^4.0.0"
    nanoid "^3.1.23"
    query-string "^7.0.0"
    react-is "^16.13.0"
    use-latest-callback "^0.1.5"

"@react-navigation/elements@^1.3.6":
  version "1.3.6"
  resolved "https://registry.yarnpkg.com/@react-navigation/elements/-/elements-1.3.6.tgz#fa700318528db93f05144b1be4b691b9c1dd1abe"
  integrity sha512-pNJ8R9JMga6SXOw6wGVN0tjmE6vegwPmJBL45SEMX2fqTfAk2ykDnlJHodRpHpAgsv0DaI8qX76z3A+aqKSU0w==

"@react-navigation/native-stack@^6.9.0":
  version "6.9.0"
  resolved "https://registry.yarnpkg.com/@react-navigation/native-stack/-/native-stack-6.9.0.tgz#1e79e06da8b81f0368d3709aedca269947da3649"
  integrity sha512-cwqm/2GO0hf94OFRuH6R0beZPVKY4vMFxrdAPaDwwoukN5a0UgcsMYxrN8s2huwssTCuGScABFME9GnqG5hC5w==
  dependencies:
    "@react-navigation/elements" "^1.3.6"
    warn-once "^0.1.0"

"@react-navigation/native@^6.0.13":
  version "6.0.13"
  resolved "https://registry.yarnpkg.com/@react-navigation/native/-/native-6.0.13.tgz#ec504120e193ea6a7f24ffa765a1338be5a3160a"
  integrity sha512-CwaJcAGbhv3p3ECablxBkw8QBCGDWXqVRwQ4QbelajNW623m3sNTC9dOF6kjp8au6Rg9B5e0KmeuY0xWbPk79A==
  dependencies:
    "@react-navigation/core" "^6.4.0"
    escape-string-regexp "^4.0.0"
    fast-deep-equal "^3.1.3"
    nanoid "^3.1.23"

"@react-navigation/routers@^6.1.3":
  version "6.1.3"
  resolved "https://registry.yarnpkg.com/@react-navigation/routers/-/routers-6.1.3.tgz#1df51959e9a67c44367462e8b929b7360a5d2555"
  integrity sha512-idJotMEzHc3haWsCh7EvnnZMKxvaS4YF/x2UyFBkNFiEFUaEo/1ioQU6qqmVLspdEv4bI/dLm97hQo7qD8Yl7Q==
  dependencies:
    nanoid "^3.1.23"

decode-uri-component@^0.2.0:
  version "0.2.0"
  resolved "https://registry.yarnpkg.com/decode-uri-component/-/decode-uri-component-0.2.0.tgz#eb3913333458775cb84cd1a1fae062106bb87545"
  integrity sha512-hjf+xovcEn31w/EUYdTXQh/8smFL/dzYjohQGEIgjyNavaJfBY2p5F527Bo1VPATxv0VYTUC2bOcXvqFwk78Og==

escape-string-regexp@^4.0.0:
  version "4.0.0"
  resolved "https://registry.yarnpkg.com/escape-string-regexp/-/escape-string-regexp-4.0.0.tgz#14ba83a5d373e3d311e5afca29cf5bfad965bf34"
  integrity sha512-TtpcNJ3XAzx3Gq8sWRzJaVajRs0uVxA2YAkdb1jm2YkPz4G6egUFAyA3n5vtEIZefPk5Wa4UXbKuS5fKkJWdgA==

fast-deep-equal@^3.1.3:
  version "3.1.3"
  resolved "https://registry.yarnpkg.com/fast-deep-equal/-/fast-deep-equal-3.1.3.tgz#3a7d56b559d6cbc3eb512325244e619a65c6c525"
  integrity sha512-f3qQ9oQy9j2AhBe/H9VC91wLmKBCCU/gDOnKNAYG5hswO7BLKj09Hc5HYNz9cGI++xlpDCIgDaitVs03ATR84Q==

filter-obj@^1.1.0:
  version "1.1.0"
  resolved "https://registry.yarnpkg.com/filter-obj/-/filter-obj-1.1.0.tgz#9b311112bc6c6127a16e016c6c5d7f19e0805c5b"
  integrity sha512-8rXg1ZnX7xzy2NGDVkBVaAy+lSlPNwad13BtgSlLuxfIslyt5Vg64U7tFcCt4WS1R0hvtnQybT/IyCkGZ3DpXQ==

nanoid@^3.1.23:
  version "3.3.4"
  resolved "https://registry.yarnpkg.com/nanoid/-/nanoid-3.3.4.tgz#730b67e3cd09e2deacf03c027c81c9d9dbc5e8ab"
  integrity sha512-MqBkQh/OHTS2egovRtLk45wEyNXwF+cokD+1YPf9u5VfJiRdAiRwB2froX5Co9Rh20xs4siNPm8naNotSD6RBw==

query-string@^7.0.0:
  version "7.1.1"
  resolved "https://registry.yarnpkg.com/query-string/-/query-string-7.1.1.tgz#754620669db978625a90f635f12617c271a088e1"
  integrity sha512-MplouLRDHBZSG9z7fpuAAcI7aAYjDLhtsiVZsevsfaHWDS2IDdORKbSd1kWUA+V4zyva/HZoSfpwnYMMQDhb0w==
  dependencies:
    decode-uri-component "^0.2.0"
    filter-obj "^1.1.0"
    split-on-first "^1.0.0"
    strict-uri-encode "^2.0.0"

react-freeze@^1.0.0:
  version "1.0.3"
  resolved "https://registry.yarnpkg.com/react-freeze/-/react-freeze-1.0.3.tgz#5e3ca90e682fed1d73a7cb50c2c7402b3e85618d"
  integrity sha512-ZnXwLQnGzrDpHBHiC56TXFXvmolPeMjTn1UOm610M4EXGzbEDR7oOIyS2ZiItgbs6eZc4oU/a0hpk8PrcKvv5g==

react-is@^16.13.0:
  version "16.13.1"
  resolved "https://registry.yarnpkg.com/react-is/-/react-is-16.13.1.tgz#789729a4dc36de2999dc156dd6c1d9c18cea56a4"
  integrity sha512-24e6ynE2H+OKt4kqsOvNd8kBpV65zoxbA4BVsEOB3ARVWQki/DHzaUoC5KuON/BiccDaCCTZBuOcfZs70kR8bQ==

react-native-safe-area-context@^4.4.1:
  version "4.4.1"
  resolved "https://registry.yarnpkg.com/react-native-safe-area-context/-/react-native-safe-area-context-4.4.1.tgz#239c60b8a9a80eac70a38a822b04c0f1d15ffc01"
  integrity sha512-N9XTjiuD73ZpVlejHrUWIFZc+6Z14co1K/p1IFMkImU7+avD69F3y+lhkqA2hN/+vljdZrBSiOwXPkuo43nFQA==

react-native-screens@^3.18.0:
  version "3.18.0"
  resolved "https://registry.yarnpkg.com/react-native-screens/-/react-native-screens-3.18.0.tgz#e10ec54d8b158d47f66dc6c9a81e5a042e33037d"
  integrity sha512-ndnz5JPLMLq/ThCYQzAOT65x6B4bdKFH1GKckUdbxKrwINGItPRSUiAoVI7YYyOQOa4VYL4hF37rrx+AjgjtRg==
  dependencies:
    react-freeze "^1.0.0"
    warn-once "^0.1.0"

split-on-first@^1.0.0:
  version "1.1.0"
  resolved "https://registry.yarnpkg.com/split-on-first/-/split-on-first-1.1.0.tgz#f610afeee3b12bce1d0c30425e76398b78249a5f"
  integrity sha512-43ZssAJaMusuKWL8sKUBQXHWOpq8d6CfN/u1p4gUzfJkM05C8rxTmYrkIPTXapZpORA6LkkzcUulJ8FqA7Uudw==

strict-uri-encode@^2.0.0:
  version "2.0.0"
  resolved "https://registry.yarnpkg.com/strict-uri-encode/-/strict-uri-encode-2.0.0.tgz#b9c7330c7042862f6b142dc274bbcc5866ce3546"
  integrity sha512-QwiXZgpRcKkhTj2Scnn++4PKtWsH0kpzZ62L2R6c/LUVYv7hVnZqcg2+sMuT6R7Jusu1vviK/MFsu6kNJfWlEQ==

use-latest-callback@^0.1.5:
  version "0.1.5"
  resolved "https://registry.yarnpkg.com/use-latest-callback/-/use-latest-callback-0.1.5.tgz#a4a836c08fa72f6608730b5b8f4bbd9c57c04f51"
  integrity sha512-HtHatS2U4/h32NlkhupDsPlrbiD27gSH5swBdtXbCAlc6pfOFzaj0FehW/FO12rx8j2Vy4/lJScCiJyM01E+bQ==

warn-once@^0.1.0:
  version "0.1.1"
  resolved "https://registry.yarnpkg.com/warn-once/-/warn-once-0.1.1.tgz#952088f4fb56896e73fd4e6a3767272a3fccce43"
  integrity sha512-VkQZJbO8zVImzYFteBXvBOZEl1qL175WH8VmZcxF2fZAoudNhNDvHi+doCaAEdU2l2vtcIwa2zn0QK5+I1HQ3Q==
